
Microsoft Visual Studio Solution File, Format Version 12.00
# Visual Studio Version 17
VisualStudioVersion = 17.0.32112.339
MinimumVisualStudioVersion = 10.0.40219.1
Project("{FAE04EC0-301F-11D3-BF4B-00C04F79EFBC}") = "DataBindig", "DataBindig\DataBindig.csproj", "{9E41384A-A6C1-4EFE-B0F8-40E4BE002B2F}"
EndProject
Project("{FAE04EC0-301F-11D3-BF4B-00C04F79EFBC}") = "BLL", "BLL\BLL.csproj", "{127A16E7-FE70-441D-9239-12D961F3F905}"
EndProject
Global
	GlobalSection(SolutionConfigurationPlatforms) = preSolution
		Debug|Any CPU = Debug|Any CPU
		Release|Any CPU = Release|Any CPU
	EndGlobalSection
	GlobalSection(ProjectConfigurationPlatforms) = postSolution
		{9E41384A-A6C1-4EFE-B0F8-40E4BE002B2F}.Debug|Any CPU.ActiveCfg = Debug|Any CPU
		{9E41384A-A6C1-4EFE-B0F8-40E4BE002B2F}.Debug|Any CPU.Build.0 = Debug|Any CPU
		{9E41384A-A6C1-4EFE-B0F8-40E4BE002B2F}.Release|Any CPU.ActiveCfg = Release|Any CPU
		{9E41384A-A6C1-4EFE-B0F8-40E4BE002B2F}.Release|Any CPU.Build.0 = Release|Any CPU
		{127A16E7-FE70-441D-9239-12D961F3F905}.Debug|Any CPU.ActiveCfg = Debug|Any CPU
		{127A16E7-FE70-441D-9239-12D961F3F905}.Debug|Any CPU.Build.0 = Debug|Any CPU
		{127A16E7-FE70-441D-9239-12D961F3F905}.Release|Any CPU.ActiveCfg = Release|Any CPU
		{127A16E7-FE70-441D-9239-12D961F3F905}.Release|Any CPU.Build.0 = Release|Any CPU
	EndGlobalSection
	GlobalSection(SolutionProperties) = preSolution
		HideSolutionNode = FALSE
	EndGlobalSection
	GlobalSection(ExtensibilityGlobals) = postSolution
		SolutionGuid = {DC6D6B7F-A859-4B86-8DF7-5A290E9E0B93}
	EndGlobalSection
EndGlobal
